
Microsoft Visual Studio Solution File, Format Version 12.00
# Visual Studio 14
VisualStudioVersion = 14.0.25420.1
MinimumVisualStudioVersion = 10.0.40219.1
Project("{FAE04EC0-301F-11D3-BF4B-00C04F79EFBC}") = "BaiduPanDownloadWpf", "BaiduPanDownloadWpf\BaiduPanDownloadWpf.csproj", "{B59E69EA-879E-424B-9422-5539563BCBB1}"
EndProject
Project("{FAE04EC0-301F-11D3-BF4B-00C04F79EFBC}") = "BaiduPanDownloadWpf.Infrastructure", "BaiduPanDownloadWpf.Infrastructure\BaiduPanDownloadWpf.Infrastructure.csproj", "{E66FD2A2-7398-471C-8B9F-62B4DD0A55FB}"
EndProject
Project("{FAE04EC0-301F-11D3-BF4B-00C04F79EFBC}") = "BaiduPanDownloadWpf.Core", "BaiduPanDownloadWpf.Core\BaiduPanDownloadWpf.Core.csproj", "{51154046-CBD6-4BF7-80AE-356FFF2EB1B8}"
EndProject
Project("{FAE04EC0-301F-11D3-BF4B-00C04F79EFBC}") = "BaiduPanDownloadWpf.Core.Test", "BaiduPanDownloadWpf.Core.Test\BaiduPanDownloadWpf.Core.Test.csproj", "{265B76DF-7557-4C12-9DFF-3A83889519EF}"
EndProject
Global
	GlobalSection(SolutionConfigurationPlatforms) = preSolution
		Debug|Any CPU = Debug|Any CPU
		Debug|x86 = Debug|x86
		Release|Any CPU = Release|Any CPU
		Release|x86 = Release|x86
	EndGlobalSection
	GlobalSection(ProjectConfigurationPlatforms) = postSolution
		{B59E69EA-879E-424B-9422-5539563BCBB1}.Debug|Any CPU.ActiveCfg = Debug|Any CPU
		{B59E69EA-879E-424B-9422-5539563BCBB1}.Debug|Any CPU.Build.0 = Debug|Any CPU
		{B59E69EA-879E-424B-9422-5539563BCBB1}.Debug|x86.ActiveCfg = Debug|Any CPU
		{B59E69EA-879E-424B-9422-5539563BCBB1}.Debug|x86.Build.0 = Debug|Any CPU
		{B59E69EA-879E-424B-9422-5539563BCBB1}.Release|Any CPU.ActiveCfg = Release|Any CPU
		{B59E69EA-879E-424B-9422-5539563BCBB1}.Release|Any CPU.Build.0 = Release|Any CPU
		{B59E69EA-879E-424B-9422-5539563BCBB1}.Release|x86.ActiveCfg = Release|Any CPU
		{B59E69EA-879E-424B-9422-5539563BCBB1}.Release|x86.Build.0 = Release|Any CPU
		{E66FD2A2-7398-471C-8B9F-62B4DD0A55FB}.Debug|Any CPU.ActiveCfg = Debug|Any CPU
		{E66FD2A2-7398-471C-8B9F-62B4DD0A55FB}.Debug|Any CPU.Build.0 = Debug|Any CPU
		{E66FD2A2-7398-471C-8B9F-62B4DD0A55FB}.Debug|x86.ActiveCfg = Debug|Any CPU
		{E66FD2A2-7398-471C-8B9F-62B4DD0A55FB}.Debug|x86.Build.0 = Debug|Any CPU
		{E66FD2A2-7398-471C-8B9F-62B4DD0A55FB}.Release|Any CPU.ActiveCfg = Release|Any CPU
		{E66FD2A2-7398-471C-8B9F-62B4DD0A55FB}.Release|Any CPU.Build.0 = Release|Any CPU
		{E66FD2A2-7398-471C-8B9F-62B4DD0A55FB}.Release|x86.ActiveCfg = Release|Any CPU
		{E66FD2A2-7398-471C-8B9F-62B4DD0A55FB}.Release|x86.Build.0 = Release|Any CPU
		{51154046-CBD6-4BF7-80AE-356FFF2EB1B8}.Debug|Any CPU.ActiveCfg = Debug|Any CPU
		{51154046-CBD6-4BF7-80AE-356FFF2EB1B8}.Debug|Any CPU.Build.0 = Debug|Any CPU
		{51154046-CBD6-4BF7-80AE-356FFF2EB1B8}.Debug|x86.ActiveCfg = Debug|Any CPU
		{51154046-CBD6-4BF7-80AE-356FFF2EB1B8}.Debug|x86.Build.0 = Debug|Any CPU
		{51154046-CBD6-4BF7-80AE-356FFF2EB1B8}.Release|Any CPU.ActiveCfg = Release|Any CPU
		{51154046-CBD6-4BF7-80AE-356FFF2EB1B8}.Release|Any CPU.Build.0 = Release|Any CPU
		{51154046-CBD6-4BF7-80AE-356FFF2EB1B8}.Release|x86.ActiveCfg = Release|Any CPU
		{51154046-CBD6-4BF7-80AE-356FFF2EB1B8}.Release|x86.Build.0 = Release|Any CPU
		{265B76DF-7557-4C12-9DFF-3A83889519EF}.Debug|Any CPU.ActiveCfg = Debug|Any CPU
		{265B76DF-7557-4C12-9DFF-3A83889519EF}.Debug|Any CPU.Build.0 = Debug|Any CPU
		{265B76DF-7557-4C12-9DFF-3A83889519EF}.Debug|x86.ActiveCfg = Debug|Any CPU
		{265B76DF-7557-4C12-9DFF-3A83889519EF}.Debug|x86.Build.0 = Debug|Any CPU
		{265B76DF-7557-4C12-9DFF-3A83889519EF}.Release|Any CPU.ActiveCfg = Release|Any CPU
		{265B76DF-7557-4C12-9DFF-3A83889519EF}.Release|Any CPU.Build.0 = Release|Any CPU
		{265B76DF-7557-4C12-9DFF-3A83889519EF}.Release|x86.ActiveCfg = Release|Any CPU
		{265B76DF-7557-4C12-9DFF-3A83889519EF}.Release|x86.Build.0 = Release|Any CPU
	EndGlobalSection
	GlobalSection(SolutionProperties) = preSolution
		HideSolutionNode = FALSE
	EndGlobalSection
EndGlobal
