
Microsoft Visual Studio Solution File, Format Version 12.00
# Visual Studio 15
VisualStudioVersion = 15.0.27130.2010
MinimumVisualStudioVersion = 10.0.40219.1
Project("{FAE04EC0-301F-11D3-BF4B-00C04F79EFBC}") = "Accelerider.Windows", "Accelerider.Windows\Accelerider.Windows.csproj", "{BE5FC83A-43A0-41C5-9E3A-1EC4B6946F39}"
EndProject
Project("{FAE04EC0-301F-11D3-BF4B-00C04F79EFBC}") = "Accelerider.Windows.Infrastructure", "Accelerider.Windows.Infrastructure\Accelerider.Windows.Infrastructure.csproj", "{F61839D1-6C54-4E70-B5CB-7EA02F54A664}"
EndProject
Project("{FAE04EC0-301F-11D3-BF4B-00C04F79EFBC}") = "Accelerider.Windows.Core", "Accelerider.Windows.Core\Accelerider.Windows.Core.csproj", "{D30A6C14-B18D-4CBC-8DF4-FF9640F33B9E}"
EndProject
Project("{2150E333-8FDC-42A3-9474-1A3956D46DE8}") = "Source", "Source", "{591EF2DF-C0B8-4995-B4C1-2295E81F3A0D}"
EndProject
Project("{2150E333-8FDC-42A3-9474-1A3956D46DE8}") = "MaterialDesignInXamlToolkit", "MaterialDesignInXamlToolkit", "{86AFA9E9-9F35-4D33-80F5-9B782C2E3AD4}"
EndProject
Project("{FAE04EC0-301F-11D3-BF4B-00C04F79EFBC}") = "MaterialDesignColors.Wpf", "..\MaterialDesignInXamlToolkit\MaterialDesignColors.Wpf\MaterialDesignColors.Wpf.csproj", "{90B53209-C60C-4655-B28D-A1B3E1044BA3}"
EndProject
Project("{FAE04EC0-301F-11D3-BF4B-00C04F79EFBC}") = "MaterialDesignThemes.Wpf", "..\MaterialDesignInXamlToolkit\MaterialDesignThemes.Wpf\MaterialDesignThemes.Wpf.csproj", "{F079FB0A-A8ED-4216-B6A5-345756751A04}"
EndProject
Project("{FAE04EC0-301F-11D3-BF4B-00C04F79EFBC}") = "Accelerider.Windows.Components.Authenticator", "Accelerider.Windows.Components.Authenticator\Accelerider.Windows.Components.Authenticator.csproj", "{A91ADD02-6C31-4566-81D5-2E8170D02EA3}"
EndProject
Project("{FAE04EC0-301F-11D3-BF4B-00C04F79EFBC}") = "Accelerider.Windows.Shell", "Accelerider.Windows.Shell\Accelerider.Windows.Shell.csproj", "{405A9ABB-E35C-4E98-8A76-C4FFEB8848E6}"
EndProject
Project("{FAE04EC0-301F-11D3-BF4B-00C04F79EFBC}") = "Accelerider.Windows.RestfulApi", "Accelerider.Windows.RestfulApi\Accelerider.Windows.RestfulApi.csproj", "{14434CBC-3321-42BA-B4DF-8FE4420D3F1D}"
EndProject
Project("{FAE04EC0-301F-11D3-BF4B-00C04F79EFBC}") = "Accelerider.Windows.TransferEngine", "Accelerider.Windows.TransferEngine\Accelerider.Windows.TransferEngine.csproj", "{09A2520B-6482-43AD-989A-3E1106C83176}"
EndProject
Project("{FAE04EC0-301F-11D3-BF4B-00C04F79EFBC}") = "Accelerider.Windows.Resources", "Accelerider.Windows.Resources\Accelerider.Windows.Resources.csproj", "{C4DBD55D-6C99-4A67-96FF-8B76BAEA2037}"
EndProject
Global
	GlobalSection(SolutionConfigurationPlatforms) = preSolution
		AppVeyor|Any CPU = AppVeyor|Any CPU
		Debug|Any CPU = Debug|Any CPU
		Release|Any CPU = Release|Any CPU
	EndGlobalSection
	GlobalSection(ProjectConfigurationPlatforms) = postSolution
		{BE5FC83A-43A0-41C5-9E3A-1EC4B6946F39}.AppVeyor|Any CPU.ActiveCfg = Release|Any CPU
		{BE5FC83A-43A0-41C5-9E3A-1EC4B6946F39}.AppVeyor|Any CPU.Build.0 = Release|Any CPU
		{BE5FC83A-43A0-41C5-9E3A-1EC4B6946F39}.Debug|Any CPU.ActiveCfg = Debug|Any CPU
		{BE5FC83A-43A0-41C5-9E3A-1EC4B6946F39}.Debug|Any CPU.Build.0 = Debug|Any CPU
		{BE5FC83A-43A0-41C5-9E3A-1EC4B6946F39}.Release|Any CPU.ActiveCfg = Release|Any CPU
		{BE5FC83A-43A0-41C5-9E3A-1EC4B6946F39}.Release|Any CPU.Build.0 = Release|Any CPU
		{F61839D1-6C54-4E70-B5CB-7EA02F54A664}.AppVeyor|Any CPU.ActiveCfg = Release|Any CPU
		{F61839D1-6C54-4E70-B5CB-7EA02F54A664}.AppVeyor|Any CPU.Build.0 = Release|Any CPU
		{F61839D1-6C54-4E70-B5CB-7EA02F54A664}.Debug|Any CPU.ActiveCfg = Debug|Any CPU
		{F61839D1-6C54-4E70-B5CB-7EA02F54A664}.Debug|Any CPU.Build.0 = Debug|Any CPU
		{F61839D1-6C54-4E70-B5CB-7EA02F54A664}.Release|Any CPU.ActiveCfg = Release|Any CPU
		{F61839D1-6C54-4E70-B5CB-7EA02F54A664}.Release|Any CPU.Build.0 = Release|Any CPU
		{D30A6C14-B18D-4CBC-8DF4-FF9640F33B9E}.AppVeyor|Any CPU.ActiveCfg = Release|Any CPU
		{D30A6C14-B18D-4CBC-8DF4-FF9640F33B9E}.AppVeyor|Any CPU.Build.0 = Release|Any CPU
		{D30A6C14-B18D-4CBC-8DF4-FF9640F33B9E}.Debug|Any CPU.ActiveCfg = Debug|Any CPU
		{D30A6C14-B18D-4CBC-8DF4-FF9640F33B9E}.Debug|Any CPU.Build.0 = Debug|Any CPU
		{D30A6C14-B18D-4CBC-8DF4-FF9640F33B9E}.Release|Any CPU.ActiveCfg = Release|Any CPU
		{D30A6C14-B18D-4CBC-8DF4-FF9640F33B9E}.Release|Any CPU.Build.0 = Release|Any CPU
		{90B53209-C60C-4655-B28D-A1B3E1044BA3}.AppVeyor|Any CPU.ActiveCfg = AppVeyor|Any CPU
		{90B53209-C60C-4655-B28D-A1B3E1044BA3}.AppVeyor|Any CPU.Build.0 = AppVeyor|Any CPU
		{90B53209-C60C-4655-B28D-A1B3E1044BA3}.Debug|Any CPU.ActiveCfg = Debug|Any CPU
		{90B53209-C60C-4655-B28D-A1B3E1044BA3}.Debug|Any CPU.Build.0 = Debug|Any CPU
		{90B53209-C60C-4655-B28D-A1B3E1044BA3}.Release|Any CPU.ActiveCfg = Release|Any CPU
		{90B53209-C60C-4655-B28D-A1B3E1044BA3}.Release|Any CPU.Build.0 = Release|Any CPU
		{F079FB0A-A8ED-4216-B6A5-345756751A04}.AppVeyor|Any CPU.ActiveCfg = AppVeyor|Any CPU
		{F079FB0A-A8ED-4216-B6A5-345756751A04}.AppVeyor|Any CPU.Build.0 = AppVeyor|Any CPU
		{F079FB0A-A8ED-4216-B6A5-345756751A04}.Debug|Any CPU.ActiveCfg = Debug|Any CPU
		{F079FB0A-A8ED-4216-B6A5-345756751A04}.Debug|Any CPU.Build.0 = Debug|Any CPU
		{F079FB0A-A8ED-4216-B6A5-345756751A04}.Release|Any CPU.ActiveCfg = Release|Any CPU
		{F079FB0A-A8ED-4216-B6A5-345756751A04}.Release|Any CPU.Build.0 = Release|Any CPU
		{A91ADD02-6C31-4566-81D5-2E8170D02EA3}.AppVeyor|Any CPU.ActiveCfg = Release|Any CPU
		{A91ADD02-6C31-4566-81D5-2E8170D02EA3}.AppVeyor|Any CPU.Build.0 = Release|Any CPU
		{A91ADD02-6C31-4566-81D5-2E8170D02EA3}.Debug|Any CPU.ActiveCfg = Debug|Any CPU
		{A91ADD02-6C31-4566-81D5-2E8170D02EA3}.Debug|Any CPU.Build.0 = Debug|Any CPU
		{A91ADD02-6C31-4566-81D5-2E8170D02EA3}.Release|Any CPU.ActiveCfg = Release|Any CPU
		{A91ADD02-6C31-4566-81D5-2E8170D02EA3}.Release|Any CPU.Build.0 = Release|Any CPU
		{405A9ABB-E35C-4E98-8A76-C4FFEB8848E6}.AppVeyor|Any CPU.ActiveCfg = Release|Any CPU
		{405A9ABB-E35C-4E98-8A76-C4FFEB8848E6}.AppVeyor|Any CPU.Build.0 = Release|Any CPU
		{405A9ABB-E35C-4E98-8A76-C4FFEB8848E6}.Debug|Any CPU.ActiveCfg = Debug|Any CPU
		{405A9ABB-E35C-4E98-8A76-C4FFEB8848E6}.Debug|Any CPU.Build.0 = Debug|Any CPU
		{405A9ABB-E35C-4E98-8A76-C4FFEB8848E6}.Release|Any CPU.ActiveCfg = Release|Any CPU
		{405A9ABB-E35C-4E98-8A76-C4FFEB8848E6}.Release|Any CPU.Build.0 = Release|Any CPU
		{14434CBC-3321-42BA-B4DF-8FE4420D3F1D}.AppVeyor|Any CPU.ActiveCfg = Release|Any CPU
		{14434CBC-3321-42BA-B4DF-8FE4420D3F1D}.AppVeyor|Any CPU.Build.0 = Release|Any CPU
		{14434CBC-3321-42BA-B4DF-8FE4420D3F1D}.Debug|Any CPU.ActiveCfg = Debug|Any CPU
		{14434CBC-3321-42BA-B4DF-8FE4420D3F1D}.Debug|Any CPU.Build.0 = Debug|Any CPU
		{14434CBC-3321-42BA-B4DF-8FE4420D3F1D}.Release|Any CPU.ActiveCfg = Release|Any CPU
		{14434CBC-3321-42BA-B4DF-8FE4420D3F1D}.Release|Any CPU.Build.0 = Release|Any CPU
		{09A2520B-6482-43AD-989A-3E1106C83176}.AppVeyor|Any CPU.ActiveCfg = Release|Any CPU
		{09A2520B-6482-43AD-989A-3E1106C83176}.AppVeyor|Any CPU.Build.0 = Release|Any CPU
		{09A2520B-6482-43AD-989A-3E1106C83176}.Debug|Any CPU.ActiveCfg = Debug|Any CPU
		{09A2520B-6482-43AD-989A-3E1106C83176}.Debug|Any CPU.Build.0 = Debug|Any CPU
		{09A2520B-6482-43AD-989A-3E1106C83176}.Release|Any CPU.ActiveCfg = Release|Any CPU
		{09A2520B-6482-43AD-989A-3E1106C83176}.Release|Any CPU.Build.0 = Release|Any CPU
		{C4DBD55D-6C99-4A67-96FF-8B76BAEA2037}.AppVeyor|Any CPU.ActiveCfg = Release|Any CPU
		{C4DBD55D-6C99-4A67-96FF-8B76BAEA2037}.AppVeyor|Any CPU.Build.0 = Release|Any CPU
		{C4DBD55D-6C99-4A67-96FF-8B76BAEA2037}.Debug|Any CPU.ActiveCfg = Debug|Any CPU
		{C4DBD55D-6C99-4A67-96FF-8B76BAEA2037}.Debug|Any CPU.Build.0 = Debug|Any CPU
		{C4DBD55D-6C99-4A67-96FF-8B76BAEA2037}.Release|Any CPU.ActiveCfg = Release|Any CPU
		{C4DBD55D-6C99-4A67-96FF-8B76BAEA2037}.Release|Any CPU.Build.0 = Release|Any CPU
	EndGlobalSection
	GlobalSection(SolutionProperties) = preSolution
		HideSolutionNode = FALSE
	EndGlobalSection
	GlobalSection(NestedProjects) = preSolution
		{BE5FC83A-43A0-41C5-9E3A-1EC4B6946F39} = {591EF2DF-C0B8-4995-B4C1-2295E81F3A0D}
		{F61839D1-6C54-4E70-B5CB-7EA02F54A664} = {591EF2DF-C0B8-4995-B4C1-2295E81F3A0D}
		{D30A6C14-B18D-4CBC-8DF4-FF9640F33B9E} = {591EF2DF-C0B8-4995-B4C1-2295E81F3A0D}
		{90B53209-C60C-4655-B28D-A1B3E1044BA3} = {86AFA9E9-9F35-4D33-80F5-9B782C2E3AD4}
		{F079FB0A-A8ED-4216-B6A5-345756751A04} = {86AFA9E9-9F35-4D33-80F5-9B782C2E3AD4}
		{A91ADD02-6C31-4566-81D5-2E8170D02EA3} = {591EF2DF-C0B8-4995-B4C1-2295E81F3A0D}
		{405A9ABB-E35C-4E98-8A76-C4FFEB8848E6} = {591EF2DF-C0B8-4995-B4C1-2295E81F3A0D}
		{14434CBC-3321-42BA-B4DF-8FE4420D3F1D} = {591EF2DF-C0B8-4995-B4C1-2295E81F3A0D}
		{09A2520B-6482-43AD-989A-3E1106C83176} = {591EF2DF-C0B8-4995-B4C1-2295E81F3A0D}
		{C4DBD55D-6C99-4A67-96FF-8B76BAEA2037} = {591EF2DF-C0B8-4995-B4C1-2295E81F3A0D}
	EndGlobalSection
	GlobalSection(ExtensibilityGlobals) = postSolution
		SolutionGuid = {242F229E-E9BF-4DED-9237-326C7C9489A4}
	EndGlobalSection
EndGlobal
