
Microsoft Visual Studio Solution File, Format Version 12.00
# Visual Studio 15
VisualStudioVersion = 15.0.27130.2010
MinimumVisualStudioVersion = 10.0.40219.1
Project("{FAE04EC0-301F-11D3-BF4B-00C04F79EFBC}") = "Accelerider.Windows", "Accelerider.Windows\Accelerider.Windows.csproj", "{BE5FC83A-43A0-41C5-9E3A-1EC4B6946F39}"
EndProject
Project("{FAE04EC0-301F-11D3-BF4B-00C04F79EFBC}") = "Accelerider.Windows.Infrastructure", "Accelerider.Windows.Infrastructure\Accelerider.Windows.Infrastructure.csproj", "{F61839D1-6C54-4E70-B5CB-7EA02F54A664}"
EndProject
Project("{2150E333-8FDC-42A3-9474-1A3956D46DE8}") = "Source", "Source", "{591EF2DF-C0B8-4995-B4C1-2295E81F3A0D}"
EndProject
Project("{FAE04EC0-301F-11D3-BF4B-00C04F79EFBC}") = "Accelerider.Windows.Resources", "Accelerider.Windows.Resources\Accelerider.Windows.Resources.csproj", "{C4DBD55D-6C99-4A67-96FF-8B76BAEA2037}"
EndProject
Project("{FAE04EC0-301F-11D3-BF4B-00C04F79EFBC}") = "Accelerider.Windows.Modules.NetDisk", "Accelerider.Windows.Modules.NetDisk\Accelerider.Windows.Modules.NetDisk.csproj", "{ADE42073-D964-4D4E-A58C-1E843ABF1D31}"
EndProject
Project("{FAE04EC0-301F-11D3-BF4B-00C04F79EFBC}") = "Accelerider.Windows.Modules.Group", "Accelerider.Windows.Modules.Group\Accelerider.Windows.Modules.Group.csproj", "{AEC0A5D6-016F-4AEB-AF23-7B207FE288EE}"
EndProject
Project("{FAE04EC0-301F-11D3-BF4B-00C04F79EFBC}") = "Accelerider.Windows.Update", "Accelerider.Windows.Update\Accelerider.Windows.Update.csproj", "{A671996A-A460-4187-80C6-35BB9979A142}"
EndProject
Project("{FAE04EC0-301F-11D3-BF4B-00C04F79EFBC}") = "Accelerider.Windows.InfrastructureTests", "Accelerider.Windows.InfrastructureTests\Accelerider.Windows.InfrastructureTests.csproj", "{43662BDD-4965-4CA6-A210-F88AF725F921}"
EndProject
Project("{2150E333-8FDC-42A3-9474-1A3956D46DE8}") = "UnitTests", "UnitTests", "{494610AD-B237-429C-9205-E0CC1C071C40}"
EndProject
Project("{2150E333-8FDC-42A3-9474-1A3956D46DE8}") = "Apps", "Apps", "{D4EC1750-863C-4E0E-AFC9-F0C14D1E6326}"
EndProject
Project("{FAE04EC0-301F-11D3-BF4B-00C04F79EFBC}") = "Accelerider.Windows.Controls", "Accelerider.Windows.Controls\Accelerider.Windows.Controls.csproj", "{23945836-97B5-4AC0-A49D-C797112FD129}"
EndProject
Project("{FAE04EC0-301F-11D3-BF4B-00C04F79EFBC}") = "Accelerider.Windows.Infrastructure.TransferService", "Accelerider.Windows.Infrastructure.TransferService\Accelerider.Windows.Infrastructure.TransferService.csproj", "{ED2825A4-6E6F-4F21-A544-723FF35F9F06}"
EndProject
Project("{2150E333-8FDC-42A3-9474-1A3956D46DE8}") = "Installer", "Installer", "{ECD7D8E7-2C7C-473B-8F48-099CF1A5D4F0}"
EndProject
Project("{930C7802-8A8C-48F9-8165-68863BCCD9DD}") = "Accelerider.Windows.Installer", "Accelerider.Windows.Installer\Accelerider.Windows.Installer.wixproj", "{A3CE9754-668B-49A8-85C9-4C159B4BF239}"
EndProject
Project("{2150E333-8FDC-42A3-9474-1A3956D46DE8}") = "Solution Items", "Solution Items", "{92FADB46-3926-4361-A92A-10F375F27072}"
	ProjectSection(SolutionItems) = preProject
		VersionInfo.cs = VersionInfo.cs
	EndProjectSection
EndProject
Global
	GlobalSection(SolutionConfigurationPlatforms) = preSolution
		AppVeyor|Any CPU = AppVeyor|Any CPU
		AppVeyor|x86 = AppVeyor|x86
		Debug|Any CPU = Debug|Any CPU
		Debug|x86 = Debug|x86
		Release|Any CPU = Release|Any CPU
		Release|x86 = Release|x86
	EndGlobalSection
	GlobalSection(ProjectConfigurationPlatforms) = postSolution
		{BE5FC83A-43A0-41C5-9E3A-1EC4B6946F39}.AppVeyor|Any CPU.ActiveCfg = Release|Any CPU
		{BE5FC83A-43A0-41C5-9E3A-1EC4B6946F39}.AppVeyor|Any CPU.Build.0 = Release|Any CPU
		{BE5FC83A-43A0-41C5-9E3A-1EC4B6946F39}.AppVeyor|x86.ActiveCfg = Debug|Any CPU
		{BE5FC83A-43A0-41C5-9E3A-1EC4B6946F39}.AppVeyor|x86.Build.0 = Debug|Any CPU
		{BE5FC83A-43A0-41C5-9E3A-1EC4B6946F39}.Debug|Any CPU.ActiveCfg = Debug|Any CPU
		{BE5FC83A-43A0-41C5-9E3A-1EC4B6946F39}.Debug|Any CPU.Build.0 = Debug|Any CPU
		{BE5FC83A-43A0-41C5-9E3A-1EC4B6946F39}.Debug|x86.ActiveCfg = Debug|Any CPU
		{BE5FC83A-43A0-41C5-9E3A-1EC4B6946F39}.Debug|x86.Build.0 = Debug|Any CPU
		{BE5FC83A-43A0-41C5-9E3A-1EC4B6946F39}.Release|Any CPU.ActiveCfg = Release|Any CPU
		{BE5FC83A-43A0-41C5-9E3A-1EC4B6946F39}.Release|Any CPU.Build.0 = Release|Any CPU
		{BE5FC83A-43A0-41C5-9E3A-1EC4B6946F39}.Release|x86.ActiveCfg = Release|Any CPU
		{BE5FC83A-43A0-41C5-9E3A-1EC4B6946F39}.Release|x86.Build.0 = Release|Any CPU
		{F61839D1-6C54-4E70-B5CB-7EA02F54A664}.AppVeyor|Any CPU.ActiveCfg = Release|Any CPU
		{F61839D1-6C54-4E70-B5CB-7EA02F54A664}.AppVeyor|Any CPU.Build.0 = Release|Any CPU
		{F61839D1-6C54-4E70-B5CB-7EA02F54A664}.AppVeyor|x86.ActiveCfg = Debug|Any CPU
		{F61839D1-6C54-4E70-B5CB-7EA02F54A664}.AppVeyor|x86.Build.0 = Debug|Any CPU
		{F61839D1-6C54-4E70-B5CB-7EA02F54A664}.Debug|Any CPU.ActiveCfg = Debug|Any CPU
		{F61839D1-6C54-4E70-B5CB-7EA02F54A664}.Debug|Any CPU.Build.0 = Debug|Any CPU
		{F61839D1-6C54-4E70-B5CB-7EA02F54A664}.Debug|x86.ActiveCfg = Debug|Any CPU
		{F61839D1-6C54-4E70-B5CB-7EA02F54A664}.Debug|x86.Build.0 = Debug|Any CPU
		{F61839D1-6C54-4E70-B5CB-7EA02F54A664}.Release|Any CPU.ActiveCfg = Release|Any CPU
		{F61839D1-6C54-4E70-B5CB-7EA02F54A664}.Release|Any CPU.Build.0 = Release|Any CPU
		{F61839D1-6C54-4E70-B5CB-7EA02F54A664}.Release|x86.ActiveCfg = Release|Any CPU
		{F61839D1-6C54-4E70-B5CB-7EA02F54A664}.Release|x86.Build.0 = Release|Any CPU
		{C4DBD55D-6C99-4A67-96FF-8B76BAEA2037}.AppVeyor|Any CPU.ActiveCfg = Release|Any CPU
		{C4DBD55D-6C99-4A67-96FF-8B76BAEA2037}.AppVeyor|Any CPU.Build.0 = Release|Any CPU
		{C4DBD55D-6C99-4A67-96FF-8B76BAEA2037}.AppVeyor|x86.ActiveCfg = Debug|Any CPU
		{C4DBD55D-6C99-4A67-96FF-8B76BAEA2037}.AppVeyor|x86.Build.0 = Debug|Any CPU
		{C4DBD55D-6C99-4A67-96FF-8B76BAEA2037}.Debug|Any CPU.ActiveCfg = Debug|Any CPU
		{C4DBD55D-6C99-4A67-96FF-8B76BAEA2037}.Debug|Any CPU.Build.0 = Debug|Any CPU
		{C4DBD55D-6C99-4A67-96FF-8B76BAEA2037}.Debug|x86.ActiveCfg = Debug|Any CPU
		{C4DBD55D-6C99-4A67-96FF-8B76BAEA2037}.Debug|x86.Build.0 = Debug|Any CPU
		{C4DBD55D-6C99-4A67-96FF-8B76BAEA2037}.Release|Any CPU.ActiveCfg = Release|Any CPU
		{C4DBD55D-6C99-4A67-96FF-8B76BAEA2037}.Release|Any CPU.Build.0 = Release|Any CPU
		{C4DBD55D-6C99-4A67-96FF-8B76BAEA2037}.Release|x86.ActiveCfg = Release|Any CPU
		{C4DBD55D-6C99-4A67-96FF-8B76BAEA2037}.Release|x86.Build.0 = Release|Any CPU
		{ADE42073-D964-4D4E-A58C-1E843ABF1D31}.AppVeyor|Any CPU.ActiveCfg = Release|Any CPU
		{ADE42073-D964-4D4E-A58C-1E843ABF1D31}.AppVeyor|Any CPU.Build.0 = Release|Any CPU
		{ADE42073-D964-4D4E-A58C-1E843ABF1D31}.AppVeyor|x86.ActiveCfg = Debug|Any CPU
		{ADE42073-D964-4D4E-A58C-1E843ABF1D31}.AppVeyor|x86.Build.0 = Debug|Any CPU
		{ADE42073-D964-4D4E-A58C-1E843ABF1D31}.Debug|Any CPU.ActiveCfg = Debug|Any CPU
		{ADE42073-D964-4D4E-A58C-1E843ABF1D31}.Debug|Any CPU.Build.0 = Debug|Any CPU
		{ADE42073-D964-4D4E-A58C-1E843ABF1D31}.Debug|x86.ActiveCfg = Debug|Any CPU
		{ADE42073-D964-4D4E-A58C-1E843ABF1D31}.Debug|x86.Build.0 = Debug|Any CPU
		{ADE42073-D964-4D4E-A58C-1E843ABF1D31}.Release|Any CPU.ActiveCfg = Release|Any CPU
		{ADE42073-D964-4D4E-A58C-1E843ABF1D31}.Release|Any CPU.Build.0 = Release|Any CPU
		{ADE42073-D964-4D4E-A58C-1E843ABF1D31}.Release|x86.ActiveCfg = Release|Any CPU
		{ADE42073-D964-4D4E-A58C-1E843ABF1D31}.Release|x86.Build.0 = Release|Any CPU
		{AEC0A5D6-016F-4AEB-AF23-7B207FE288EE}.AppVeyor|Any CPU.ActiveCfg = Release|Any CPU
		{AEC0A5D6-016F-4AEB-AF23-7B207FE288EE}.AppVeyor|Any CPU.Build.0 = Release|Any CPU
		{AEC0A5D6-016F-4AEB-AF23-7B207FE288EE}.AppVeyor|x86.ActiveCfg = Debug|Any CPU
		{AEC0A5D6-016F-4AEB-AF23-7B207FE288EE}.Debug|Any CPU.ActiveCfg = Debug|Any CPU
		{AEC0A5D6-016F-4AEB-AF23-7B207FE288EE}.Debug|Any CPU.Build.0 = Debug|Any CPU
		{AEC0A5D6-016F-4AEB-AF23-7B207FE288EE}.Debug|x86.ActiveCfg = Debug|Any CPU
		{AEC0A5D6-016F-4AEB-AF23-7B207FE288EE}.Release|Any CPU.ActiveCfg = Release|Any CPU
		{AEC0A5D6-016F-4AEB-AF23-7B207FE288EE}.Release|Any CPU.Build.0 = Release|Any CPU
		{AEC0A5D6-016F-4AEB-AF23-7B207FE288EE}.Release|x86.ActiveCfg = Release|Any CPU
		{A671996A-A460-4187-80C6-35BB9979A142}.AppVeyor|Any CPU.ActiveCfg = Release|Any CPU
		{A671996A-A460-4187-80C6-35BB9979A142}.AppVeyor|Any CPU.Build.0 = Release|Any CPU
		{A671996A-A460-4187-80C6-35BB9979A142}.AppVeyor|x86.ActiveCfg = Debug|Any CPU
		{A671996A-A460-4187-80C6-35BB9979A142}.AppVeyor|x86.Build.0 = Debug|Any CPU
		{A671996A-A460-4187-80C6-35BB9979A142}.Debug|Any CPU.ActiveCfg = Debug|Any CPU
		{A671996A-A460-4187-80C6-35BB9979A142}.Debug|Any CPU.Build.0 = Debug|Any CPU
		{A671996A-A460-4187-80C6-35BB9979A142}.Debug|x86.ActiveCfg = Debug|Any CPU
		{A671996A-A460-4187-80C6-35BB9979A142}.Debug|x86.Build.0 = Debug|Any CPU
		{A671996A-A460-4187-80C6-35BB9979A142}.Release|Any CPU.ActiveCfg = Release|Any CPU
		{A671996A-A460-4187-80C6-35BB9979A142}.Release|Any CPU.Build.0 = Release|Any CPU
		{A671996A-A460-4187-80C6-35BB9979A142}.Release|x86.ActiveCfg = Release|Any CPU
		{A671996A-A460-4187-80C6-35BB9979A142}.Release|x86.Build.0 = Release|Any CPU
		{43662BDD-4965-4CA6-A210-F88AF725F921}.AppVeyor|Any CPU.ActiveCfg = Release|Any CPU
		{43662BDD-4965-4CA6-A210-F88AF725F921}.AppVeyor|Any CPU.Build.0 = Release|Any CPU
		{43662BDD-4965-4CA6-A210-F88AF725F921}.AppVeyor|x86.ActiveCfg = Debug|Any CPU
		{43662BDD-4965-4CA6-A210-F88AF725F921}.AppVeyor|x86.Build.0 = Debug|Any CPU
		{43662BDD-4965-4CA6-A210-F88AF725F921}.Debug|Any CPU.ActiveCfg = Debug|Any CPU
		{43662BDD-4965-4CA6-A210-F88AF725F921}.Debug|Any CPU.Build.0 = Debug|Any CPU
		{43662BDD-4965-4CA6-A210-F88AF725F921}.Debug|x86.ActiveCfg = Debug|Any CPU
		{43662BDD-4965-4CA6-A210-F88AF725F921}.Debug|x86.Build.0 = Debug|Any CPU
		{43662BDD-4965-4CA6-A210-F88AF725F921}.Release|Any CPU.ActiveCfg = Release|Any CPU
		{43662BDD-4965-4CA6-A210-F88AF725F921}.Release|Any CPU.Build.0 = Release|Any CPU
		{43662BDD-4965-4CA6-A210-F88AF725F921}.Release|x86.ActiveCfg = Release|Any CPU
		{43662BDD-4965-4CA6-A210-F88AF725F921}.Release|x86.Build.0 = Release|Any CPU
		{23945836-97B5-4AC0-A49D-C797112FD129}.AppVeyor|Any CPU.ActiveCfg = Release|Any CPU
		{23945836-97B5-4AC0-A49D-C797112FD129}.AppVeyor|Any CPU.Build.0 = Release|Any CPU
		{23945836-97B5-4AC0-A49D-C797112FD129}.AppVeyor|x86.ActiveCfg = Debug|Any CPU
		{23945836-97B5-4AC0-A49D-C797112FD129}.AppVeyor|x86.Build.0 = Debug|Any CPU
		{23945836-97B5-4AC0-A49D-C797112FD129}.Debug|Any CPU.ActiveCfg = Debug|Any CPU
		{23945836-97B5-4AC0-A49D-C797112FD129}.Debug|Any CPU.Build.0 = Debug|Any CPU
		{23945836-97B5-4AC0-A49D-C797112FD129}.Debug|x86.ActiveCfg = Debug|Any CPU
		{23945836-97B5-4AC0-A49D-C797112FD129}.Debug|x86.Build.0 = Debug|Any CPU
		{23945836-97B5-4AC0-A49D-C797112FD129}.Release|Any CPU.ActiveCfg = Release|Any CPU
		{23945836-97B5-4AC0-A49D-C797112FD129}.Release|Any CPU.Build.0 = Release|Any CPU
		{23945836-97B5-4AC0-A49D-C797112FD129}.Release|x86.ActiveCfg = Release|Any CPU
		{23945836-97B5-4AC0-A49D-C797112FD129}.Release|x86.Build.0 = Release|Any CPU
		{ED2825A4-6E6F-4F21-A544-723FF35F9F06}.AppVeyor|Any CPU.ActiveCfg = Release|Any CPU
		{ED2825A4-6E6F-4F21-A544-723FF35F9F06}.AppVeyor|Any CPU.Build.0 = Release|Any CPU
		{ED2825A4-6E6F-4F21-A544-723FF35F9F06}.AppVeyor|x86.ActiveCfg = Debug|Any CPU
		{ED2825A4-6E6F-4F21-A544-723FF35F9F06}.AppVeyor|x86.Build.0 = Debug|Any CPU
		{ED2825A4-6E6F-4F21-A544-723FF35F9F06}.Debug|Any CPU.ActiveCfg = Debug|Any CPU
		{ED2825A4-6E6F-4F21-A544-723FF35F9F06}.Debug|Any CPU.Build.0 = Debug|Any CPU
		{ED2825A4-6E6F-4F21-A544-723FF35F9F06}.Debug|x86.ActiveCfg = Debug|Any CPU
		{ED2825A4-6E6F-4F21-A544-723FF35F9F06}.Debug|x86.Build.0 = Debug|Any CPU
		{ED2825A4-6E6F-4F21-A544-723FF35F9F06}.Release|Any CPU.ActiveCfg = Release|Any CPU
		{ED2825A4-6E6F-4F21-A544-723FF35F9F06}.Release|Any CPU.Build.0 = Release|Any CPU
		{ED2825A4-6E6F-4F21-A544-723FF35F9F06}.Release|x86.ActiveCfg = Release|Any CPU
		{ED2825A4-6E6F-4F21-A544-723FF35F9F06}.Release|x86.Build.0 = Release|Any CPU
		{A3CE9754-668B-49A8-85C9-4C159B4BF239}.AppVeyor|Any CPU.ActiveCfg = Release|x86
		{A3CE9754-668B-49A8-85C9-4C159B4BF239}.AppVeyor|Any CPU.Build.0 = Release|x86
		{A3CE9754-668B-49A8-85C9-4C159B4BF239}.AppVeyor|x86.ActiveCfg = Release|x86
		{A3CE9754-668B-49A8-85C9-4C159B4BF239}.AppVeyor|x86.Build.0 = Release|x86
		{A3CE9754-668B-49A8-85C9-4C159B4BF239}.Debug|Any CPU.ActiveCfg = Debug|x86
		{A3CE9754-668B-49A8-85C9-4C159B4BF239}.Debug|x86.ActiveCfg = Debug|x86
		{A3CE9754-668B-49A8-85C9-4C159B4BF239}.Debug|x86.Build.0 = Debug|x86
		{A3CE9754-668B-49A8-85C9-4C159B4BF239}.Release|Any CPU.ActiveCfg = Release|x86
		{A3CE9754-668B-49A8-85C9-4C159B4BF239}.Release|x86.ActiveCfg = Release|x86
		{A3CE9754-668B-49A8-85C9-4C159B4BF239}.Release|x86.Build.0 = Release|x86
	EndGlobalSection
	GlobalSection(SolutionProperties) = preSolution
		HideSolutionNode = FALSE
	EndGlobalSection
	GlobalSection(NestedProjects) = preSolution
		{BE5FC83A-43A0-41C5-9E3A-1EC4B6946F39} = {591EF2DF-C0B8-4995-B4C1-2295E81F3A0D}
		{F61839D1-6C54-4E70-B5CB-7EA02F54A664} = {591EF2DF-C0B8-4995-B4C1-2295E81F3A0D}
		{C4DBD55D-6C99-4A67-96FF-8B76BAEA2037} = {591EF2DF-C0B8-4995-B4C1-2295E81F3A0D}
		{ADE42073-D964-4D4E-A58C-1E843ABF1D31} = {D4EC1750-863C-4E0E-AFC9-F0C14D1E6326}
		{AEC0A5D6-016F-4AEB-AF23-7B207FE288EE} = {D4EC1750-863C-4E0E-AFC9-F0C14D1E6326}
		{A671996A-A460-4187-80C6-35BB9979A142} = {591EF2DF-C0B8-4995-B4C1-2295E81F3A0D}
		{43662BDD-4965-4CA6-A210-F88AF725F921} = {494610AD-B237-429C-9205-E0CC1C071C40}
		{D4EC1750-863C-4E0E-AFC9-F0C14D1E6326} = {591EF2DF-C0B8-4995-B4C1-2295E81F3A0D}
		{23945836-97B5-4AC0-A49D-C797112FD129} = {591EF2DF-C0B8-4995-B4C1-2295E81F3A0D}
		{ED2825A4-6E6F-4F21-A544-723FF35F9F06} = {494610AD-B237-429C-9205-E0CC1C071C40}
		{A3CE9754-668B-49A8-85C9-4C159B4BF239} = {ECD7D8E7-2C7C-473B-8F48-099CF1A5D4F0}
	EndGlobalSection
	GlobalSection(ExtensibilityGlobals) = postSolution
		SolutionGuid = {242F229E-E9BF-4DED-9237-326C7C9489A4}
	EndGlobalSection
EndGlobal
