
Microsoft Visual Studio Solution File, Format Version 12.00
# Visual Studio 15
VisualStudioVersion = 15.0.26730.15
MinimumVisualStudioVersion = 10.0.40219.1
Project("{FAE04EC0-301F-11D3-BF4B-00C04F79EFBC}") = "Accelerider.Windows", "Accelerider.Windows\Accelerider.Windows.csproj", "{BE5FC83A-43A0-41C5-9E3A-1EC4B6946F39}"
EndProject
Project("{FAE04EC0-301F-11D3-BF4B-00C04F79EFBC}") = "Accelerider.Windows.Infrastructure", "Accelerider.Windows.Infrastructure\Accelerider.Windows.Infrastructure.csproj", "{F61839D1-6C54-4E70-B5CB-7EA02F54A664}"
EndProject
Project("{FAE04EC0-301F-11D3-BF4B-00C04F79EFBC}") = "Accelerider.Windows.Core", "Accelerider.Windows.Core\Accelerider.Windows.Core.csproj", "{D30A6C14-B18D-4CBC-8DF4-FF9640F33B9E}"
EndProject
Project("{2150E333-8FDC-42A3-9474-1A3956D46DE8}") = "Source", "Source", "{591EF2DF-C0B8-4995-B4C1-2295E81F3A0D}"
EndProject
Project("{2150E333-8FDC-42A3-9474-1A3956D46DE8}") = "MaterialDesignInXamlToolkit", "MaterialDesignInXamlToolkit", "{86AFA9E9-9F35-4D33-80F5-9B782C2E3AD4}"
EndProject
Project("{FAE04EC0-301F-11D3-BF4B-00C04F79EFBC}") = "MaterialDesignColors.Wpf", "..\MaterialDesignInXamlToolkit\MaterialDesignColors.Wpf\MaterialDesignColors.Wpf.csproj", "{90B53209-C60C-4655-B28D-A1B3E1044BA3}"
EndProject
Project("{FAE04EC0-301F-11D3-BF4B-00C04F79EFBC}") = "MaterialDesignThemes.Wpf", "..\MaterialDesignInXamlToolkit\MaterialDesignThemes.Wpf\MaterialDesignThemes.Wpf.csproj", "{F079FB0A-A8ED-4216-B6A5-345756751A04}"
EndProject
Project("{FAE04EC0-301F-11D3-BF4B-00C04F79EFBC}") = "Accelerider.Windows.TransferEngine", "Accelerider.Windows.TransferEngine\Accelerider.Windows.TransferEngine.csproj", "{09A2520B-6482-43AD-989A-3E1106C83176}"
EndProject
Project("{FAE04EC0-301F-11D3-BF4B-00C04F79EFBC}") = "Accelerider.Windows.Resources", "Accelerider.Windows.Resources\Accelerider.Windows.Resources.csproj", "{C4DBD55D-6C99-4A67-96FF-8B76BAEA2037}"
EndProject
Project("{FAE04EC0-301F-11D3-BF4B-00C04F79EFBC}") = "Accelerider.Windows.Modules.NetDisk", "Accelerider.Windows.Modules.NetDisk\Accelerider.Windows.Modules.NetDisk.csproj", "{ADE42073-D964-4D4E-A58C-1E843ABF1D31}"
EndProject
Project("{FAE04EC0-301F-11D3-BF4B-00C04F79EFBC}") = "Accelerider.Windows.Modules.Group", "Accelerider.Windows.Modules.Group\Accelerider.Windows.Modules.Group.csproj", "{AEC0A5D6-016F-4AEB-AF23-7B207FE288EE}"
EndProject
Project("{FAE04EC0-301F-11D3-BF4B-00C04F79EFBC}") = "Accelerider.Windows.Modules.NetDisk.Plus", "Accelerider.Windows.Modules.NetDisk.Plus\Accelerider.Windows.Modules.NetDisk.Plus.csproj", "{95A5301A-6A43-4492-BB0D-7F0850EC9372}"
EndProject
Global
	GlobalSection(SolutionConfigurationPlatforms) = preSolution
		AppVeyor|Any CPU = AppVeyor|Any CPU
		Debug|Any CPU = Debug|Any CPU
		Release|Any CPU = Release|Any CPU
	EndGlobalSection
	GlobalSection(ProjectConfigurationPlatforms) = postSolution
		{BE5FC83A-43A0-41C5-9E3A-1EC4B6946F39}.AppVeyor|Any CPU.ActiveCfg = Release|Any CPU
		{BE5FC83A-43A0-41C5-9E3A-1EC4B6946F39}.AppVeyor|Any CPU.Build.0 = Release|Any CPU
		{BE5FC83A-43A0-41C5-9E3A-1EC4B6946F39}.Debug|Any CPU.ActiveCfg = Debug|Any CPU
		{BE5FC83A-43A0-41C5-9E3A-1EC4B6946F39}.Debug|Any CPU.Build.0 = Debug|Any CPU
		{BE5FC83A-43A0-41C5-9E3A-1EC4B6946F39}.Release|Any CPU.ActiveCfg = Release|Any CPU
		{BE5FC83A-43A0-41C5-9E3A-1EC4B6946F39}.Release|Any CPU.Build.0 = Release|Any CPU
		{F61839D1-6C54-4E70-B5CB-7EA02F54A664}.AppVeyor|Any CPU.ActiveCfg = Release|Any CPU
		{F61839D1-6C54-4E70-B5CB-7EA02F54A664}.AppVeyor|Any CPU.Build.0 = Release|Any CPU
		{F61839D1-6C54-4E70-B5CB-7EA02F54A664}.Debug|Any CPU.ActiveCfg = Debug|Any CPU
		{F61839D1-6C54-4E70-B5CB-7EA02F54A664}.Debug|Any CPU.Build.0 = Debug|Any CPU
		{F61839D1-6C54-4E70-B5CB-7EA02F54A664}.Release|Any CPU.ActiveCfg = Release|Any CPU
		{F61839D1-6C54-4E70-B5CB-7EA02F54A664}.Release|Any CPU.Build.0 = Release|Any CPU
		{D30A6C14-B18D-4CBC-8DF4-FF9640F33B9E}.AppVeyor|Any CPU.ActiveCfg = Release|Any CPU
		{D30A6C14-B18D-4CBC-8DF4-FF9640F33B9E}.AppVeyor|Any CPU.Build.0 = Release|Any CPU
		{D30A6C14-B18D-4CBC-8DF4-FF9640F33B9E}.Debug|Any CPU.ActiveCfg = Debug|Any CPU
		{D30A6C14-B18D-4CBC-8DF4-FF9640F33B9E}.Debug|Any CPU.Build.0 = Debug|Any CPU
		{D30A6C14-B18D-4CBC-8DF4-FF9640F33B9E}.Release|Any CPU.ActiveCfg = Release|Any CPU
		{D30A6C14-B18D-4CBC-8DF4-FF9640F33B9E}.Release|Any CPU.Build.0 = Release|Any CPU
		{90B53209-C60C-4655-B28D-A1B3E1044BA3}.AppVeyor|Any CPU.ActiveCfg = AppVeyor|Any CPU
		{90B53209-C60C-4655-B28D-A1B3E1044BA3}.AppVeyor|Any CPU.Build.0 = AppVeyor|Any CPU
		{90B53209-C60C-4655-B28D-A1B3E1044BA3}.Debug|Any CPU.ActiveCfg = Debug|Any CPU
		{90B53209-C60C-4655-B28D-A1B3E1044BA3}.Debug|Any CPU.Build.0 = Debug|Any CPU
		{90B53209-C60C-4655-B28D-A1B3E1044BA3}.Release|Any CPU.ActiveCfg = Release|Any CPU
		{90B53209-C60C-4655-B28D-A1B3E1044BA3}.Release|Any CPU.Build.0 = Release|Any CPU
		{F079FB0A-A8ED-4216-B6A5-345756751A04}.AppVeyor|Any CPU.ActiveCfg = AppVeyor|Any CPU
		{F079FB0A-A8ED-4216-B6A5-345756751A04}.AppVeyor|Any CPU.Build.0 = AppVeyor|Any CPU
		{F079FB0A-A8ED-4216-B6A5-345756751A04}.Debug|Any CPU.ActiveCfg = Debug|Any CPU
		{F079FB0A-A8ED-4216-B6A5-345756751A04}.Debug|Any CPU.Build.0 = Debug|Any CPU
		{F079FB0A-A8ED-4216-B6A5-345756751A04}.Release|Any CPU.ActiveCfg = Release|Any CPU
		{F079FB0A-A8ED-4216-B6A5-345756751A04}.Release|Any CPU.Build.0 = Release|Any CPU
		{09A2520B-6482-43AD-989A-3E1106C83176}.AppVeyor|Any CPU.ActiveCfg = Release|Any CPU
		{09A2520B-6482-43AD-989A-3E1106C83176}.AppVeyor|Any CPU.Build.0 = Release|Any CPU
		{09A2520B-6482-43AD-989A-3E1106C83176}.Debug|Any CPU.ActiveCfg = Debug|Any CPU
		{09A2520B-6482-43AD-989A-3E1106C83176}.Debug|Any CPU.Build.0 = Debug|Any CPU
		{09A2520B-6482-43AD-989A-3E1106C83176}.Release|Any CPU.ActiveCfg = Release|Any CPU
		{09A2520B-6482-43AD-989A-3E1106C83176}.Release|Any CPU.Build.0 = Release|Any CPU
		{C4DBD55D-6C99-4A67-96FF-8B76BAEA2037}.AppVeyor|Any CPU.ActiveCfg = Release|Any CPU
		{C4DBD55D-6C99-4A67-96FF-8B76BAEA2037}.AppVeyor|Any CPU.Build.0 = Release|Any CPU
		{C4DBD55D-6C99-4A67-96FF-8B76BAEA2037}.Debug|Any CPU.ActiveCfg = Debug|Any CPU
		{C4DBD55D-6C99-4A67-96FF-8B76BAEA2037}.Debug|Any CPU.Build.0 = Debug|Any CPU
		{C4DBD55D-6C99-4A67-96FF-8B76BAEA2037}.Release|Any CPU.ActiveCfg = Release|Any CPU
		{C4DBD55D-6C99-4A67-96FF-8B76BAEA2037}.Release|Any CPU.Build.0 = Release|Any CPU
		{ADE42073-D964-4D4E-A58C-1E843ABF1D31}.AppVeyor|Any CPU.ActiveCfg = Release|Any CPU
		{ADE42073-D964-4D4E-A58C-1E843ABF1D31}.AppVeyor|Any CPU.Build.0 = Release|Any CPU
		{ADE42073-D964-4D4E-A58C-1E843ABF1D31}.Debug|Any CPU.ActiveCfg = Debug|Any CPU
		{ADE42073-D964-4D4E-A58C-1E843ABF1D31}.Debug|Any CPU.Build.0 = Debug|Any CPU
		{ADE42073-D964-4D4E-A58C-1E843ABF1D31}.Release|Any CPU.ActiveCfg = Release|Any CPU
		{ADE42073-D964-4D4E-A58C-1E843ABF1D31}.Release|Any CPU.Build.0 = Release|Any CPU
		{AEC0A5D6-016F-4AEB-AF23-7B207FE288EE}.AppVeyor|Any CPU.ActiveCfg = Release|Any CPU
		{AEC0A5D6-016F-4AEB-AF23-7B207FE288EE}.AppVeyor|Any CPU.Build.0 = Release|Any CPU
		{AEC0A5D6-016F-4AEB-AF23-7B207FE288EE}.Debug|Any CPU.ActiveCfg = Debug|Any CPU
		{AEC0A5D6-016F-4AEB-AF23-7B207FE288EE}.Debug|Any CPU.Build.0 = Debug|Any CPU
		{AEC0A5D6-016F-4AEB-AF23-7B207FE288EE}.Release|Any CPU.ActiveCfg = Release|Any CPU
		{AEC0A5D6-016F-4AEB-AF23-7B207FE288EE}.Release|Any CPU.Build.0 = Release|Any CPU
		{95A5301A-6A43-4492-BB0D-7F0850EC9372}.AppVeyor|Any CPU.ActiveCfg = Release|Any CPU
		{95A5301A-6A43-4492-BB0D-7F0850EC9372}.AppVeyor|Any CPU.Build.0 = Release|Any CPU
		{95A5301A-6A43-4492-BB0D-7F0850EC9372}.Debug|Any CPU.ActiveCfg = Debug|Any CPU
		{95A5301A-6A43-4492-BB0D-7F0850EC9372}.Debug|Any CPU.Build.0 = Debug|Any CPU
		{95A5301A-6A43-4492-BB0D-7F0850EC9372}.Release|Any CPU.ActiveCfg = Release|Any CPU
		{95A5301A-6A43-4492-BB0D-7F0850EC9372}.Release|Any CPU.Build.0 = Release|Any CPU
	EndGlobalSection
	GlobalSection(SolutionProperties) = preSolution
		HideSolutionNode = FALSE
	EndGlobalSection
	GlobalSection(NestedProjects) = preSolution
		{BE5FC83A-43A0-41C5-9E3A-1EC4B6946F39} = {591EF2DF-C0B8-4995-B4C1-2295E81F3A0D}
		{F61839D1-6C54-4E70-B5CB-7EA02F54A664} = {591EF2DF-C0B8-4995-B4C1-2295E81F3A0D}
		{D30A6C14-B18D-4CBC-8DF4-FF9640F33B9E} = {591EF2DF-C0B8-4995-B4C1-2295E81F3A0D}
		{90B53209-C60C-4655-B28D-A1B3E1044BA3} = {86AFA9E9-9F35-4D33-80F5-9B782C2E3AD4}
		{F079FB0A-A8ED-4216-B6A5-345756751A04} = {86AFA9E9-9F35-4D33-80F5-9B782C2E3AD4}
		{09A2520B-6482-43AD-989A-3E1106C83176} = {591EF2DF-C0B8-4995-B4C1-2295E81F3A0D}
		{C4DBD55D-6C99-4A67-96FF-8B76BAEA2037} = {591EF2DF-C0B8-4995-B4C1-2295E81F3A0D}
		{ADE42073-D964-4D4E-A58C-1E843ABF1D31} = {591EF2DF-C0B8-4995-B4C1-2295E81F3A0D}
		{AEC0A5D6-016F-4AEB-AF23-7B207FE288EE} = {591EF2DF-C0B8-4995-B4C1-2295E81F3A0D}
		{95A5301A-6A43-4492-BB0D-7F0850EC9372} = {591EF2DF-C0B8-4995-B4C1-2295E81F3A0D}
	EndGlobalSection
	GlobalSection(ExtensibilityGlobals) = postSolution
		SolutionGuid = {242F229E-E9BF-4DED-9237-326C7C9489A4}
	EndGlobalSection
EndGlobal
